
Microsoft Visual Studio Solution File, Format Version 12.00
# Visual Studio Version 16
VisualStudioVersion = 16.0.31624.102
MinimumVisualStudioVersion = 10.0.40219.1
Project("{FAE04EC0-301F-11D3-BF4B-00C04F79EFBC}") = "ParallelTests", "ParallelTests\ParallelTests.csproj", "{7C468F8F-7CD8-407A-A73C-C6CB80F21690}"
EndProject
Global
	GlobalSection(SolutionConfigurationPlatforms) = preSolution
		Debug|Any CPU = Debug|Any CPU
		Release|Any CPU = Release|Any CPU
	EndGlobalSection
	GlobalSection(ProjectConfigurationPlatforms) = postSolution
		{7C468F8F-7CD8-407A-A73C-C6CB80F21690}.Debug|Any CPU.ActiveCfg = Debug|Any CPU
		{7C468F8F-7CD8-407A-A73C-C6CB80F21690}.Debug|Any CPU.Build.0 = Debug|Any CPU
		{7C468F8F-7CD8-407A-A73C-C6CB80F21690}.Release|Any CPU.ActiveCfg = Release|Any CPU
		{7C468F8F-7CD8-407A-A73C-C6CB80F21690}.Release|Any CPU.Build.0 = Release|Any CPU
	EndGlobalSection
	GlobalSection(SolutionProperties) = preSolution
		HideSolutionNode = FALSE
	EndGlobalSection
	GlobalSection(ExtensibilityGlobals) = postSolution
		SolutionGuid = {F7867682-7A81-45D3-BF52-45B1EEEF3E34}
	EndGlobalSection
EndGlobal
